<?xml version="1.0" encoding="utf-8"?>
<Project ToolsVersion="4.0" xmlns="http://schemas.microsoft.com/developer/msbuild/2003">
  <ItemGroup>
    <Filter Include="Source Files">
      <UniqueIdentifier>{3ae71d6c-a90a-47f8-8d01-f685f63b2330}</UniqueIdentifier>
      <Extensions>.cpp</Extensions>
    </Filter>
    <Filter Include="Header Files">
      <UniqueIdentifier>{c28c77e0-cbf9-48ef-8dbd-eac96c71b444}</UniqueIdentifier>
      <Extensions>.h</Extensions>
    </Filter>
  </ItemGroup>
  <ItemGroup>
    <ClCompile Include="ARange.cpp">
      <Filter>Source Files</Filter>
    </ClCompile>
    <ClCompile Include="AVector.cpp">
      <Filter>Source Files</Filter>
    </ClCompile>
    <ClCompile Include="ButeMgr.cpp">
      <Filter>Source Files</Filter>
    </ClCompile>
    <ClCompile Include="Stdafx.cpp">
      <Filter>Source Files</Filter>
    </ClCompile>
  </ItemGroup>
  <ItemGroup>
    <ClInclude Include="ARange.h">
      <Filter>Header Files</Filter>
    </ClInclude>
    <ClInclude Include="AVector.h">
      <Filter>Header Files</Filter>
    </ClInclude>
    <ClInclude Include="ButeMgr.h">
      <Filter>Header Files</Filter>
    </ClInclude>
    <ClInclude Include="Stdafx.h">
      <Filter>Header Files</Filter>
    </ClInclude>
  </ItemGroup>
  <ItemGroup>
    <CustomBuild Include="ButeMgr.sca" />
  </ItemGroup>
</Project>