
Microsoft Visual Studio Solution File, Format Version 12.00
# Visual Studio 15
VisualStudioVersion = 15.0.28307.421
MinimumVisualStudioVersion = 10.0.40219.1
Project("{8BC9CEB8-8B4A-11D0-8D11-00A0C91BC942}") = "ClientRes", "ClientRes\ClientRes.vcxproj", "{C2F5569F-A3C9-48AC-AE8C-59EED0019C42}"
EndProject
Project("{8BC9CEB8-8B4A-11D0-8D11-00A0C91BC942}") = "ClientShellDLL", "ClientShellDLL\ClientShellDLL.vcxproj", "{97D1B6FF-025A-4297-9F87-827CF415F129}"
EndProject
Project("{8BC9CEB8-8B4A-11D0-8D11-00A0C91BC942}") = "Object", "ObjectDLL\Object.vcxproj", "{04A1BCA3-F21A-445E-994D-AD4828C22005}"
EndProject
Global
	GlobalSection(SolutionConfigurationPlatforms) = preSolution
		Debug|x86 = Debug|x86
		Final Debug|x86 = Final Debug|x86
		Final Release|x86 = Final Release|x86
		Release|x86 = Release|x86
		Template|x86 = Template|x86
	EndGlobalSection
	GlobalSection(ProjectConfigurationPlatforms) = postSolution
		{C2F5569F-A3C9-48AC-AE8C-59EED0019C42}.Debug|x86.ActiveCfg = Debug|Win32
		{C2F5569F-A3C9-48AC-AE8C-59EED0019C42}.Debug|x86.Build.0 = Debug|Win32
		{C2F5569F-A3C9-48AC-AE8C-59EED0019C42}.Final Debug|x86.ActiveCfg = Debug|Win32
		{C2F5569F-A3C9-48AC-AE8C-59EED0019C42}.Final Debug|x86.Build.0 = Debug|Win32
		{C2F5569F-A3C9-48AC-AE8C-59EED0019C42}.Final Release|x86.ActiveCfg = Release|Win32
		{C2F5569F-A3C9-48AC-AE8C-59EED0019C42}.Final Release|x86.Build.0 = Release|Win32
		{C2F5569F-A3C9-48AC-AE8C-59EED0019C42}.Release|x86.ActiveCfg = Release|Win32
		{C2F5569F-A3C9-48AC-AE8C-59EED0019C42}.Release|x86.Build.0 = Release|Win32
		{C2F5569F-A3C9-48AC-AE8C-59EED0019C42}.Template|x86.ActiveCfg = Release|Win32
		{C2F5569F-A3C9-48AC-AE8C-59EED0019C42}.Template|x86.Build.0 = Release|Win32
		{97D1B6FF-025A-4297-9F87-827CF415F129}.Debug|x86.ActiveCfg = Debug|Win32
		{97D1B6FF-025A-4297-9F87-827CF415F129}.Debug|x86.Build.0 = Debug|Win32
		{97D1B6FF-025A-4297-9F87-827CF415F129}.Final Debug|x86.ActiveCfg = Final Debug|Win32
		{97D1B6FF-025A-4297-9F87-827CF415F129}.Final Debug|x86.Build.0 = Final Debug|Win32
		{97D1B6FF-025A-4297-9F87-827CF415F129}.Final Release|x86.ActiveCfg = Final Release|Win32
		{97D1B6FF-025A-4297-9F87-827CF415F129}.Final Release|x86.Build.0 = Final Release|Win32
		{97D1B6FF-025A-4297-9F87-827CF415F129}.Release|x86.ActiveCfg = Release|Win32
		{97D1B6FF-025A-4297-9F87-827CF415F129}.Release|x86.Build.0 = Release|Win32
		{97D1B6FF-025A-4297-9F87-827CF415F129}.Template|x86.ActiveCfg = Template|Win32
		{97D1B6FF-025A-4297-9F87-827CF415F129}.Template|x86.Build.0 = Template|Win32
		{04A1BCA3-F21A-445E-994D-AD4828C22005}.Debug|x86.ActiveCfg = Debug|Win32
		{04A1BCA3-F21A-445E-994D-AD4828C22005}.Debug|x86.Build.0 = Debug|Win32
		{04A1BCA3-F21A-445E-994D-AD4828C22005}.Final Debug|x86.ActiveCfg = Final Debug|Win32
		{04A1BCA3-F21A-445E-994D-AD4828C22005}.Final Debug|x86.Build.0 = Final Debug|Win32
		{04A1BCA3-F21A-445E-994D-AD4828C22005}.Final Release|x86.ActiveCfg = Final Release|Win32
		{04A1BCA3-F21A-445E-994D-AD4828C22005}.Final Release|x86.Build.0 = Final Release|Win32
		{04A1BCA3-F21A-445E-994D-AD4828C22005}.Release|x86.ActiveCfg = Release|Win32
		{04A1BCA3-F21A-445E-994D-AD4828C22005}.Release|x86.Build.0 = Release|Win32
		{04A1BCA3-F21A-445E-994D-AD4828C22005}.Template|x86.ActiveCfg = Template|Win32
		{04A1BCA3-F21A-445E-994D-AD4828C22005}.Template|x86.Build.0 = Template|Win32
	EndGlobalSection
	GlobalSection(SolutionProperties) = preSolution
		HideSolutionNode = FALSE
	EndGlobalSection
	GlobalSection(ExtensibilityGlobals) = postSolution
		SolutionGuid = {ABDB9301-F5F3-41FC-BAF0-F29D5757DE17}
	EndGlobalSection
EndGlobal
