
Microsoft Visual Studio Solution File, Format Version 12.00
# Visual Studio 15
VisualStudioVersion = 15.0.28307.421
MinimumVisualStudioVersion = 10.0.40219.1
Project("{8BC9CEB8-8B4A-11D0-8D11-00A0C91BC942}") = "ClientRes", "ClientRes\ClientRes.vcxproj", "{A1C75B9B-AF76-4E1D-A042-E04EA51642F0}"
EndProject
Project("{8BC9CEB8-8B4A-11D0-8D11-00A0C91BC942}") = "ClientShellDLL", "ClientShellDLL\ClientShellDLL.vcxproj", "{DF81B496-DFB9-4CB6-B411-E753950E59BC}"
	ProjectSection(ProjectDependencies) = postProject
		{151C0830-9A79-4727-9B17-87313C9C2435} = {151C0830-9A79-4727-9B17-87313C9C2435}
		{93D29053-46D5-4819-8169-58BC96CBE554} = {93D29053-46D5-4819-8169-58BC96CBE554}
		{821E97A2-7B0E-4412-B54D-A1777557B6C1} = {821E97A2-7B0E-4412-B54D-A1777557B6C1}
	EndProjectSection
EndProject
Project("{8BC9CEB8-8B4A-11D0-8D11-00A0C91BC942}") = "Object", "ObjectDLL\Object.vcxproj", "{AF9DC958-595E-4AD2-AA45-208340343492}"
EndProject
Project("{8BC9CEB8-8B4A-11D0-8D11-00A0C91BC942}") = "ButeMgr", "..\LT2\lithshared\ButeMgr\ButeMgr.vcxproj", "{93D29053-46D5-4819-8169-58BC96CBE554}"
EndProject
Project("{8BC9CEB8-8B4A-11D0-8D11-00A0C91BC942}") = "CryptMgr", "..\LT2\lithshared\CryptMgr\cryptmgr.vcxproj", "{821E97A2-7B0E-4412-B54D-A1777557B6C1}"
EndProject
Project("{8BC9CEB8-8B4A-11D0-8D11-00A0C91BC942}") = "MFCStub", "..\LT2\lithshared\MFCStub\MFCStub60.vcxproj", "{151C0830-9A79-4727-9B17-87313C9C2435}"
EndProject
Global
	GlobalSection(SolutionConfigurationPlatforms) = preSolution
		Debug MFC DLL|x86 = Debug MFC DLL|x86
		Debug|x86 = Debug|x86
		Final Debug|x86 = Final Debug|x86
		Final MFC DLL|x86 = Final MFC DLL|x86
		Final Release|x86 = Final Release|x86
		Final|x86 = Final|x86
		Release MFC DLL|x86 = Release MFC DLL|x86
		Release|x86 = Release|x86
		Template|x86 = Template|x86
	EndGlobalSection
	GlobalSection(ProjectConfigurationPlatforms) = postSolution
		{A1C75B9B-AF76-4E1D-A042-E04EA51642F0}.Debug MFC DLL|x86.ActiveCfg = Debug|Win32
		{A1C75B9B-AF76-4E1D-A042-E04EA51642F0}.Debug MFC DLL|x86.Build.0 = Debug|Win32
		{A1C75B9B-AF76-4E1D-A042-E04EA51642F0}.Debug|x86.ActiveCfg = Debug|Win32
		{A1C75B9B-AF76-4E1D-A042-E04EA51642F0}.Debug|x86.Build.0 = Debug|Win32
		{A1C75B9B-AF76-4E1D-A042-E04EA51642F0}.Final Debug|x86.ActiveCfg = Debug|Win32
		{A1C75B9B-AF76-4E1D-A042-E04EA51642F0}.Final Debug|x86.Build.0 = Debug|Win32
		{A1C75B9B-AF76-4E1D-A042-E04EA51642F0}.Final MFC DLL|x86.ActiveCfg = Release|Win32
		{A1C75B9B-AF76-4E1D-A042-E04EA51642F0}.Final MFC DLL|x86.Build.0 = Release|Win32
		{A1C75B9B-AF76-4E1D-A042-E04EA51642F0}.Final Release|x86.ActiveCfg = Release|Win32
		{A1C75B9B-AF76-4E1D-A042-E04EA51642F0}.Final Release|x86.Build.0 = Release|Win32
		{A1C75B9B-AF76-4E1D-A042-E04EA51642F0}.Final|x86.ActiveCfg = Release|Win32
		{A1C75B9B-AF76-4E1D-A042-E04EA51642F0}.Final|x86.Build.0 = Release|Win32
		{A1C75B9B-AF76-4E1D-A042-E04EA51642F0}.Release MFC DLL|x86.ActiveCfg = Release|Win32
		{A1C75B9B-AF76-4E1D-A042-E04EA51642F0}.Release MFC DLL|x86.Build.0 = Release|Win32
		{A1C75B9B-AF76-4E1D-A042-E04EA51642F0}.Release|x86.ActiveCfg = Release|Win32
		{A1C75B9B-AF76-4E1D-A042-E04EA51642F0}.Release|x86.Build.0 = Release|Win32
		{A1C75B9B-AF76-4E1D-A042-E04EA51642F0}.Template|x86.ActiveCfg = Release|Win32
		{A1C75B9B-AF76-4E1D-A042-E04EA51642F0}.Template|x86.Build.0 = Release|Win32
		{DF81B496-DFB9-4CB6-B411-E753950E59BC}.Debug MFC DLL|x86.ActiveCfg = Debug|Win32
		{DF81B496-DFB9-4CB6-B411-E753950E59BC}.Debug MFC DLL|x86.Build.0 = Debug|Win32
		{DF81B496-DFB9-4CB6-B411-E753950E59BC}.Debug|x86.ActiveCfg = Debug|Win32
		{DF81B496-DFB9-4CB6-B411-E753950E59BC}.Debug|x86.Build.0 = Debug|Win32
		{DF81B496-DFB9-4CB6-B411-E753950E59BC}.Final Debug|x86.ActiveCfg = Final Debug|Win32
		{DF81B496-DFB9-4CB6-B411-E753950E59BC}.Final Debug|x86.Build.0 = Final Debug|Win32
		{DF81B496-DFB9-4CB6-B411-E753950E59BC}.Final MFC DLL|x86.ActiveCfg = Final Release|Win32
		{DF81B496-DFB9-4CB6-B411-E753950E59BC}.Final MFC DLL|x86.Build.0 = Final Release|Win32
		{DF81B496-DFB9-4CB6-B411-E753950E59BC}.Final Release|x86.ActiveCfg = Final Release|Win32
		{DF81B496-DFB9-4CB6-B411-E753950E59BC}.Final Release|x86.Build.0 = Final Release|Win32
		{DF81B496-DFB9-4CB6-B411-E753950E59BC}.Final|x86.ActiveCfg = Final Release|Win32
		{DF81B496-DFB9-4CB6-B411-E753950E59BC}.Final|x86.Build.0 = Final Release|Win32
		{DF81B496-DFB9-4CB6-B411-E753950E59BC}.Release MFC DLL|x86.ActiveCfg = Release|Win32
		{DF81B496-DFB9-4CB6-B411-E753950E59BC}.Release MFC DLL|x86.Build.0 = Release|Win32
		{DF81B496-DFB9-4CB6-B411-E753950E59BC}.Release|x86.ActiveCfg = Release|Win32
		{DF81B496-DFB9-4CB6-B411-E753950E59BC}.Release|x86.Build.0 = Release|Win32
		{DF81B496-DFB9-4CB6-B411-E753950E59BC}.Template|x86.ActiveCfg = Template|Win32
		{DF81B496-DFB9-4CB6-B411-E753950E59BC}.Template|x86.Build.0 = Template|Win32
		{AF9DC958-595E-4AD2-AA45-208340343492}.Debug MFC DLL|x86.ActiveCfg = Debug|Win32
		{AF9DC958-595E-4AD2-AA45-208340343492}.Debug MFC DLL|x86.Build.0 = Debug|Win32
		{AF9DC958-595E-4AD2-AA45-208340343492}.Debug|x86.ActiveCfg = Debug|Win32
		{AF9DC958-595E-4AD2-AA45-208340343492}.Debug|x86.Build.0 = Debug|Win32
		{AF9DC958-595E-4AD2-AA45-208340343492}.Final Debug|x86.ActiveCfg = Final Debug|Win32
		{AF9DC958-595E-4AD2-AA45-208340343492}.Final Debug|x86.Build.0 = Final Debug|Win32
		{AF9DC958-595E-4AD2-AA45-208340343492}.Final MFC DLL|x86.ActiveCfg = Final Release|Win32
		{AF9DC958-595E-4AD2-AA45-208340343492}.Final MFC DLL|x86.Build.0 = Final Release|Win32
		{AF9DC958-595E-4AD2-AA45-208340343492}.Final Release|x86.ActiveCfg = Final Release|Win32
		{AF9DC958-595E-4AD2-AA45-208340343492}.Final Release|x86.Build.0 = Final Release|Win32
		{AF9DC958-595E-4AD2-AA45-208340343492}.Final|x86.ActiveCfg = Final Release|Win32
		{AF9DC958-595E-4AD2-AA45-208340343492}.Final|x86.Build.0 = Final Release|Win32
		{AF9DC958-595E-4AD2-AA45-208340343492}.Release MFC DLL|x86.ActiveCfg = Release|Win32
		{AF9DC958-595E-4AD2-AA45-208340343492}.Release MFC DLL|x86.Build.0 = Release|Win32
		{AF9DC958-595E-4AD2-AA45-208340343492}.Release|x86.ActiveCfg = Release|Win32
		{AF9DC958-595E-4AD2-AA45-208340343492}.Release|x86.Build.0 = Release|Win32
		{AF9DC958-595E-4AD2-AA45-208340343492}.Template|x86.ActiveCfg = Template|Win32
		{AF9DC958-595E-4AD2-AA45-208340343492}.Template|x86.Build.0 = Template|Win32
		{93D29053-46D5-4819-8169-58BC96CBE554}.Debug MFC DLL|x86.ActiveCfg = Debug MFC DLL|Win32
		{93D29053-46D5-4819-8169-58BC96CBE554}.Debug MFC DLL|x86.Build.0 = Debug MFC DLL|Win32
		{93D29053-46D5-4819-8169-58BC96CBE554}.Debug|x86.ActiveCfg = Debug|Win32
		{93D29053-46D5-4819-8169-58BC96CBE554}.Debug|x86.Build.0 = Debug|Win32
		{93D29053-46D5-4819-8169-58BC96CBE554}.Final Debug|x86.ActiveCfg = Final MFC DLL|Win32
		{93D29053-46D5-4819-8169-58BC96CBE554}.Final Debug|x86.Build.0 = Final MFC DLL|Win32
		{93D29053-46D5-4819-8169-58BC96CBE554}.Final MFC DLL|x86.ActiveCfg = Final MFC DLL|Win32
		{93D29053-46D5-4819-8169-58BC96CBE554}.Final MFC DLL|x86.Build.0 = Final MFC DLL|Win32
		{93D29053-46D5-4819-8169-58BC96CBE554}.Final Release|x86.ActiveCfg = Release|Win32
		{93D29053-46D5-4819-8169-58BC96CBE554}.Final Release|x86.Build.0 = Release|Win32
		{93D29053-46D5-4819-8169-58BC96CBE554}.Final|x86.ActiveCfg = Final|Win32
		{93D29053-46D5-4819-8169-58BC96CBE554}.Final|x86.Build.0 = Final|Win32
		{93D29053-46D5-4819-8169-58BC96CBE554}.Release MFC DLL|x86.ActiveCfg = Release MFC DLL|Win32
		{93D29053-46D5-4819-8169-58BC96CBE554}.Release MFC DLL|x86.Build.0 = Release MFC DLL|Win32
		{93D29053-46D5-4819-8169-58BC96CBE554}.Release|x86.ActiveCfg = Release|Win32
		{93D29053-46D5-4819-8169-58BC96CBE554}.Release|x86.Build.0 = Release|Win32
		{93D29053-46D5-4819-8169-58BC96CBE554}.Template|x86.ActiveCfg = Release MFC DLL|Win32
		{93D29053-46D5-4819-8169-58BC96CBE554}.Template|x86.Build.0 = Release MFC DLL|Win32
		{821E97A2-7B0E-4412-B54D-A1777557B6C1}.Debug MFC DLL|x86.ActiveCfg = Debug MFC DLL|Win32
		{821E97A2-7B0E-4412-B54D-A1777557B6C1}.Debug MFC DLL|x86.Build.0 = Debug MFC DLL|Win32
		{821E97A2-7B0E-4412-B54D-A1777557B6C1}.Debug|x86.ActiveCfg = Debug|Win32
		{821E97A2-7B0E-4412-B54D-A1777557B6C1}.Debug|x86.Build.0 = Debug|Win32
		{821E97A2-7B0E-4412-B54D-A1777557B6C1}.Final Debug|x86.ActiveCfg = Final MFC DLL|Win32
		{821E97A2-7B0E-4412-B54D-A1777557B6C1}.Final Debug|x86.Build.0 = Final MFC DLL|Win32
		{821E97A2-7B0E-4412-B54D-A1777557B6C1}.Final MFC DLL|x86.ActiveCfg = Final MFC DLL|Win32
		{821E97A2-7B0E-4412-B54D-A1777557B6C1}.Final MFC DLL|x86.Build.0 = Final MFC DLL|Win32
		{821E97A2-7B0E-4412-B54D-A1777557B6C1}.Final Release|x86.ActiveCfg = Release|Win32
		{821E97A2-7B0E-4412-B54D-A1777557B6C1}.Final Release|x86.Build.0 = Release|Win32
		{821E97A2-7B0E-4412-B54D-A1777557B6C1}.Final|x86.ActiveCfg = Final|Win32
		{821E97A2-7B0E-4412-B54D-A1777557B6C1}.Final|x86.Build.0 = Final|Win32
		{821E97A2-7B0E-4412-B54D-A1777557B6C1}.Release MFC DLL|x86.ActiveCfg = Release MFC DLL|Win32
		{821E97A2-7B0E-4412-B54D-A1777557B6C1}.Release MFC DLL|x86.Build.0 = Release MFC DLL|Win32
		{821E97A2-7B0E-4412-B54D-A1777557B6C1}.Release|x86.ActiveCfg = Release|Win32
		{821E97A2-7B0E-4412-B54D-A1777557B6C1}.Release|x86.Build.0 = Release|Win32
		{821E97A2-7B0E-4412-B54D-A1777557B6C1}.Template|x86.ActiveCfg = Template|Win32
		{821E97A2-7B0E-4412-B54D-A1777557B6C1}.Template|x86.Build.0 = Template|Win32
		{151C0830-9A79-4727-9B17-87313C9C2435}.Debug MFC DLL|x86.ActiveCfg = Debug|Win32
		{151C0830-9A79-4727-9B17-87313C9C2435}.Debug MFC DLL|x86.Build.0 = Debug|Win32
		{151C0830-9A79-4727-9B17-87313C9C2435}.Debug|x86.ActiveCfg = Debug|Win32
		{151C0830-9A79-4727-9B17-87313C9C2435}.Debug|x86.Build.0 = Debug|Win32
		{151C0830-9A79-4727-9B17-87313C9C2435}.Final Debug|x86.ActiveCfg = Final|Win32
		{151C0830-9A79-4727-9B17-87313C9C2435}.Final Debug|x86.Build.0 = Final|Win32
		{151C0830-9A79-4727-9B17-87313C9C2435}.Final MFC DLL|x86.ActiveCfg = Final|Win32
		{151C0830-9A79-4727-9B17-87313C9C2435}.Final MFC DLL|x86.Build.0 = Final|Win32
		{151C0830-9A79-4727-9B17-87313C9C2435}.Final Release|x86.ActiveCfg = Release|Win32
		{151C0830-9A79-4727-9B17-87313C9C2435}.Final Release|x86.Build.0 = Release|Win32
		{151C0830-9A79-4727-9B17-87313C9C2435}.Final|x86.ActiveCfg = Final|Win32
		{151C0830-9A79-4727-9B17-87313C9C2435}.Final|x86.Build.0 = Final|Win32
		{151C0830-9A79-4727-9B17-87313C9C2435}.Release MFC DLL|x86.ActiveCfg = Release|Win32
		{151C0830-9A79-4727-9B17-87313C9C2435}.Release MFC DLL|x86.Build.0 = Release|Win32
		{151C0830-9A79-4727-9B17-87313C9C2435}.Release|x86.ActiveCfg = Release|Win32
		{151C0830-9A79-4727-9B17-87313C9C2435}.Release|x86.Build.0 = Release|Win32
		{151C0830-9A79-4727-9B17-87313C9C2435}.Template|x86.ActiveCfg = Template|Win32
		{151C0830-9A79-4727-9B17-87313C9C2435}.Template|x86.Build.0 = Template|Win32
	EndGlobalSection
	GlobalSection(SolutionProperties) = preSolution
		HideSolutionNode = FALSE
	EndGlobalSection
	GlobalSection(ExtensibilityGlobals) = postSolution
		SolutionGuid = {F7A68082-A99B-44C1-B46E-EDB888216EE5}
	EndGlobalSection
EndGlobal
